
Microsoft Visual Studio Solution File, Format Version 12.00
# Visual Studio 14
VisualStudioVersion = 14.0.23107.0
MinimumVisualStudioVersion = 10.0.40219.1
Project("{FAE04EC0-301F-11D3-BF4B-00C04F79EFBC}") = "HolaMundo.Xama", "HolaMundo.Xama\HolaMundo.Xama\HolaMundo.Xama.csproj", "{823DE16B-DE1A-4E3A-B940-8D1C215B5852}"
EndProject
Project("{FAE04EC0-301F-11D3-BF4B-00C04F79EFBC}") = "HolaMundo.Xama.iOS", "HolaMundo.Xama\HolaMundo.Xama.iOS\HolaMundo.Xama.iOS.csproj", "{119B08D1-D7E2-4ED2-B3B5-CCE9D0E29A78}"
EndProject
Project("{FAE04EC0-301F-11D3-BF4B-00C04F79EFBC}") = "HolaMundo.Xama.Droid", "HolaMundo.Xama\HolaMundo.Xama.Droid\HolaMundo.Xama.Droid.csproj", "{83580A6C-8693-4DA3-97CE-41783F3D6CDD}"
EndProject
Project("{FAE04EC0-301F-11D3-BF4B-00C04F79EFBC}") = "HolaMundo.Xama.WinPhone", "HolaMundo.Xama\HolaMundo.Xama.WinPhone\HolaMundo.Xama.WinPhone.csproj", "{D9B4DA19-5259-4BC2-8492-0002193634B5}"
EndProject
Global
	GlobalSection(SolutionConfigurationPlatforms) = preSolution
		Ad-Hoc|Any CPU = Ad-Hoc|Any CPU
		Ad-Hoc|ARM = Ad-Hoc|ARM
		Ad-Hoc|iPhone = Ad-Hoc|iPhone
		Ad-Hoc|iPhoneSimulator = Ad-Hoc|iPhoneSimulator
		Ad-Hoc|x86 = Ad-Hoc|x86
		AppStore|Any CPU = AppStore|Any CPU
		AppStore|ARM = AppStore|ARM
		AppStore|iPhone = AppStore|iPhone
		AppStore|iPhoneSimulator = AppStore|iPhoneSimulator
		AppStore|x86 = AppStore|x86
		Debug|Any CPU = Debug|Any CPU
		Debug|ARM = Debug|ARM
		Debug|iPhone = Debug|iPhone
		Debug|iPhoneSimulator = Debug|iPhoneSimulator
		Debug|x86 = Debug|x86
		Release|Any CPU = Release|Any CPU
		Release|ARM = Release|ARM
		Release|iPhone = Release|iPhone
		Release|iPhoneSimulator = Release|iPhoneSimulator
		Release|x86 = Release|x86
	EndGlobalSection
	GlobalSection(ProjectConfigurationPlatforms) = postSolution
		{823DE16B-DE1A-4E3A-B940-8D1C215B5852}.Ad-Hoc|Any CPU.ActiveCfg = Release|Any CPU
		{823DE16B-DE1A-4E3A-B940-8D1C215B5852}.Ad-Hoc|Any CPU.Build.0 = Release|Any CPU
		{823DE16B-DE1A-4E3A-B940-8D1C215B5852}.Ad-Hoc|ARM.ActiveCfg = Release|Any CPU
		{823DE16B-DE1A-4E3A-B940-8D1C215B5852}.Ad-Hoc|ARM.Build.0 = Release|Any CPU
		{823DE16B-DE1A-4E3A-B940-8D1C215B5852}.Ad-Hoc|iPhone.ActiveCfg = Release|Any CPU
		{823DE16B-DE1A-4E3A-B940-8D1C215B5852}.Ad-Hoc|iPhone.Build.0 = Release|Any CPU
		{823DE16B-DE1A-4E3A-B940-8D1C215B5852}.Ad-Hoc|iPhoneSimulator.ActiveCfg = Release|Any CPU
		{823DE16B-DE1A-4E3A-B940-8D1C215B5852}.Ad-Hoc|iPhoneSimulator.Build.0 = Release|Any CPU
		{823DE16B-DE1A-4E3A-B940-8D1C215B5852}.Ad-Hoc|x86.ActiveCfg = Release|Any CPU
		{823DE16B-DE1A-4E3A-B940-8D1C215B5852}.Ad-Hoc|x86.Build.0 = Release|Any CPU
		{823DE16B-DE1A-4E3A-B940-8D1C215B5852}.AppStore|Any CPU.ActiveCfg = Release|Any CPU
		{823DE16B-DE1A-4E3A-B940-8D1C215B5852}.AppStore|Any CPU.Build.0 = Release|Any CPU
		{823DE16B-DE1A-4E3A-B940-8D1C215B5852}.AppStore|ARM.ActiveCfg = Release|Any CPU
		{823DE16B-DE1A-4E3A-B940-8D1C215B5852}.AppStore|ARM.Build.0 = Release|Any CPU
		{823DE16B-DE1A-4E3A-B940-8D1C215B5852}.AppStore|iPhone.ActiveCfg = Release|Any CPU
		{823DE16B-DE1A-4E3A-B940-8D1C215B5852}.AppStore|iPhone.Build.0 = Release|Any CPU
		{823DE16B-DE1A-4E3A-B940-8D1C215B5852}.AppStore|iPhoneSimulator.ActiveCfg = Release|Any CPU
		{823DE16B-DE1A-4E3A-B940-8D1C215B5852}.AppStore|iPhoneSimulator.Build.0 = Release|Any CPU
		{823DE16B-DE1A-4E3A-B940-8D1C215B5852}.AppStore|x86.ActiveCfg = Release|Any CPU
		{823DE16B-DE1A-4E3A-B940-8D1C215B5852}.AppStore|x86.Build.0 = Release|Any CPU
		{823DE16B-DE1A-4E3A-B940-8D1C215B5852}.Debug|Any CPU.ActiveCfg = Debug|Any CPU
		{823DE16B-DE1A-4E3A-B940-8D1C215B5852}.Debug|Any CPU.Build.0 = Debug|Any CPU
		{823DE16B-DE1A-4E3A-B940-8D1C215B5852}.Debug|ARM.ActiveCfg = Debug|Any CPU
		{823DE16B-DE1A-4E3A-B940-8D1C215B5852}.Debug|ARM.Build.0 = Debug|Any CPU
		{823DE16B-DE1A-4E3A-B940-8D1C215B5852}.Debug|iPhone.ActiveCfg = Debug|Any CPU
		{823DE16B-DE1A-4E3A-B940-8D1C215B5852}.Debug|iPhone.Build.0 = Debug|Any CPU
		{823DE16B-DE1A-4E3A-B940-8D1C215B5852}.Debug|iPhoneSimulator.ActiveCfg = Debug|Any CPU
		{823DE16B-DE1A-4E3A-B940-8D1C215B5852}.Debug|iPhoneSimulator.Build.0 = Debug|Any CPU
		{823DE16B-DE1A-4E3A-B940-8D1C215B5852}.Debug|x86.ActiveCfg = Debug|Any CPU
		{823DE16B-DE1A-4E3A-B940-8D1C215B5852}.Debug|x86.Build.0 = Debug|Any CPU
		{823DE16B-DE1A-4E3A-B940-8D1C215B5852}.Release|Any CPU.ActiveCfg = Release|Any CPU
		{823DE16B-DE1A-4E3A-B940-8D1C215B5852}.Release|Any CPU.Build.0 = Release|Any CPU
		{823DE16B-DE1A-4E3A-B940-8D1C215B5852}.Release|ARM.ActiveCfg = Release|Any CPU
		{823DE16B-DE1A-4E3A-B940-8D1C215B5852}.Release|ARM.Build.0 = Release|Any CPU
		{823DE16B-DE1A-4E3A-B940-8D1C215B5852}.Release|iPhone.ActiveCfg = Release|Any CPU
		{823DE16B-DE1A-4E3A-B940-8D1C215B5852}.Release|iPhone.Build.0 = Release|Any CPU
		{823DE16B-DE1A-4E3A-B940-8D1C215B5852}.Release|iPhoneSimulator.ActiveCfg = Release|Any CPU
		{823DE16B-DE1A-4E3A-B940-8D1C215B5852}.Release|iPhoneSimulator.Build.0 = Release|Any CPU
		{823DE16B-DE1A-4E3A-B940-8D1C215B5852}.Release|x86.ActiveCfg = Release|Any CPU
		{823DE16B-DE1A-4E3A-B940-8D1C215B5852}.Release|x86.Build.0 = Release|Any CPU
		{119B08D1-D7E2-4ED2-B3B5-CCE9D0E29A78}.Ad-Hoc|Any CPU.ActiveCfg = Ad-Hoc|iPhone
		{119B08D1-D7E2-4ED2-B3B5-CCE9D0E29A78}.Ad-Hoc|ARM.ActiveCfg = Ad-Hoc|iPhone
		{119B08D1-D7E2-4ED2-B3B5-CCE9D0E29A78}.Ad-Hoc|iPhone.ActiveCfg = Ad-Hoc|iPhone
		{119B08D1-D7E2-4ED2-B3B5-CCE9D0E29A78}.Ad-Hoc|iPhone.Build.0 = Ad-Hoc|iPhone
		{119B08D1-D7E2-4ED2-B3B5-CCE9D0E29A78}.Ad-Hoc|iPhoneSimulator.ActiveCfg = Ad-Hoc|iPhoneSimulator
		{119B08D1-D7E2-4ED2-B3B5-CCE9D0E29A78}.Ad-Hoc|iPhoneSimulator.Build.0 = Ad-Hoc|iPhoneSimulator
		{119B08D1-D7E2-4ED2-B3B5-CCE9D0E29A78}.Ad-Hoc|x86.ActiveCfg = Ad-Hoc|iPhone
		{119B08D1-D7E2-4ED2-B3B5-CCE9D0E29A78}.AppStore|Any CPU.ActiveCfg = AppStore|iPhone
		{119B08D1-D7E2-4ED2-B3B5-CCE9D0E29A78}.AppStore|ARM.ActiveCfg = AppStore|iPhone
		{119B08D1-D7E2-4ED2-B3B5-CCE9D0E29A78}.AppStore|iPhone.ActiveCfg = AppStore|iPhone
		{119B08D1-D7E2-4ED2-B3B5-CCE9D0E29A78}.AppStore|iPhone.Build.0 = AppStore|iPhone
		{119B08D1-D7E2-4ED2-B3B5-CCE9D0E29A78}.AppStore|iPhoneSimulator.ActiveCfg = AppStore|iPhoneSimulator
		{119B08D1-D7E2-4ED2-B3B5-CCE9D0E29A78}.AppStore|iPhoneSimulator.Build.0 = AppStore|iPhoneSimulator
		{119B08D1-D7E2-4ED2-B3B5-CCE9D0E29A78}.AppStore|x86.ActiveCfg = AppStore|iPhone
		{119B08D1-D7E2-4ED2-B3B5-CCE9D0E29A78}.Debug|Any CPU.ActiveCfg = Debug|iPhone
		{119B08D1-D7E2-4ED2-B3B5-CCE9D0E29A78}.Debug|ARM.ActiveCfg = Debug|iPhone
		{119B08D1-D7E2-4ED2-B3B5-CCE9D0E29A78}.Debug|iPhone.ActiveCfg = Debug|iPhone
		{119B08D1-D7E2-4ED2-B3B5-CCE9D0E29A78}.Debug|iPhone.Build.0 = Debug|iPhone
		{119B08D1-D7E2-4ED2-B3B5-CCE9D0E29A78}.Debug|iPhoneSimulator.ActiveCfg = Debug|iPhoneSimulator
		{119B08D1-D7E2-4ED2-B3B5-CCE9D0E29A78}.Debug|iPhoneSimulator.Build.0 = Debug|iPhoneSimulator
		{119B08D1-D7E2-4ED2-B3B5-CCE9D0E29A78}.Debug|x86.ActiveCfg = Debug|iPhone
		{119B08D1-D7E2-4ED2-B3B5-CCE9D0E29A78}.Release|Any CPU.ActiveCfg = Release|iPhone
		{119B08D1-D7E2-4ED2-B3B5-CCE9D0E29A78}.Release|ARM.ActiveCfg = Release|iPhone
		{119B08D1-D7E2-4ED2-B3B5-CCE9D0E29A78}.Release|iPhone.ActiveCfg = Release|iPhone
		{119B08D1-D7E2-4ED2-B3B5-CCE9D0E29A78}.Release|iPhone.Build.0 = Release|iPhone
		{119B08D1-D7E2-4ED2-B3B5-CCE9D0E29A78}.Release|iPhoneSimulator.ActiveCfg = Release|iPhoneSimulator
		{119B08D1-D7E2-4ED2-B3B5-CCE9D0E29A78}.Release|iPhoneSimulator.Build.0 = Release|iPhoneSimulator
		{119B08D1-D7E2-4ED2-B3B5-CCE9D0E29A78}.Release|x86.ActiveCfg = Release|iPhone
		{83580A6C-8693-4DA3-97CE-41783F3D6CDD}.Ad-Hoc|Any CPU.ActiveCfg = Release|Any CPU
		{83580A6C-8693-4DA3-97CE-41783F3D6CDD}.Ad-Hoc|Any CPU.Build.0 = Release|Any CPU
		{83580A6C-8693-4DA3-97CE-41783F3D6CDD}.Ad-Hoc|Any CPU.Deploy.0 = Release|Any CPU
		{83580A6C-8693-4DA3-97CE-41783F3D6CDD}.Ad-Hoc|ARM.ActiveCfg = Release|Any CPU
		{83580A6C-8693-4DA3-97CE-41783F3D6CDD}.Ad-Hoc|ARM.Build.0 = Release|Any CPU
		{83580A6C-8693-4DA3-97CE-41783F3D6CDD}.Ad-Hoc|ARM.Deploy.0 = Release|Any CPU
		{83580A6C-8693-4DA3-97CE-41783F3D6CDD}.Ad-Hoc|iPhone.ActiveCfg = Release|Any CPU
		{83580A6C-8693-4DA3-97CE-41783F3D6CDD}.Ad-Hoc|iPhone.Build.0 = Release|Any CPU
		{83580A6C-8693-4DA3-97CE-41783F3D6CDD}.Ad-Hoc|iPhone.Deploy.0 = Release|Any CPU
		{83580A6C-8693-4DA3-97CE-41783F3D6CDD}.Ad-Hoc|iPhoneSimulator.ActiveCfg = Release|Any CPU
		{83580A6C-8693-4DA3-97CE-41783F3D6CDD}.Ad-Hoc|iPhoneSimulator.Build.0 = Release|Any CPU
		{83580A6C-8693-4DA3-97CE-41783F3D6CDD}.Ad-Hoc|iPhoneSimulator.Deploy.0 = Release|Any CPU
		{83580A6C-8693-4DA3-97CE-41783F3D6CDD}.Ad-Hoc|x86.ActiveCfg = Release|Any CPU
		{83580A6C-8693-4DA3-97CE-41783F3D6CDD}.Ad-Hoc|x86.Build.0 = Release|Any CPU
		{83580A6C-8693-4DA3-97CE-41783F3D6CDD}.Ad-Hoc|x86.Deploy.0 = Release|Any CPU
		{83580A6C-8693-4DA3-97CE-41783F3D6CDD}.AppStore|Any CPU.ActiveCfg = Release|Any CPU
		{83580A6C-8693-4DA3-97CE-41783F3D6CDD}.AppStore|Any CPU.Build.0 = Release|Any CPU
		{83580A6C-8693-4DA3-97CE-41783F3D6CDD}.AppStore|Any CPU.Deploy.0 = Release|Any CPU
		{83580A6C-8693-4DA3-97CE-41783F3D6CDD}.AppStore|ARM.ActiveCfg = Release|Any CPU
		{83580A6C-8693-4DA3-97CE-41783F3D6CDD}.AppStore|ARM.Build.0 = Release|Any CPU
		{83580A6C-8693-4DA3-97CE-41783F3D6CDD}.AppStore|ARM.Deploy.0 = Release|Any CPU
		{83580A6C-8693-4DA3-97CE-41783F3D6CDD}.AppStore|iPhone.ActiveCfg = Release|Any CPU
		{83580A6C-8693-4DA3-97CE-41783F3D6CDD}.AppStore|iPhone.Build.0 = Release|Any CPU
		{83580A6C-8693-4DA3-97CE-41783F3D6CDD}.AppStore|iPhone.Deploy.0 = Release|Any CPU
		{83580A6C-8693-4DA3-97CE-41783F3D6CDD}.AppStore|iPhoneSimulator.ActiveCfg = Release|Any CPU
		{83580A6C-8693-4DA3-97CE-41783F3D6CDD}.AppStore|iPhoneSimulator.Build.0 = Release|Any CPU
		{83580A6C-8693-4DA3-97CE-41783F3D6CDD}.AppStore|iPhoneSimulator.Deploy.0 = Release|Any CPU
		{83580A6C-8693-4DA3-97CE-41783F3D6CDD}.AppStore|x86.ActiveCfg = Release|Any CPU
		{83580A6C-8693-4DA3-97CE-41783F3D6CDD}.AppStore|x86.Build.0 = Release|Any CPU
		{83580A6C-8693-4DA3-97CE-41783F3D6CDD}.AppStore|x86.Deploy.0 = Release|Any CPU
		{83580A6C-8693-4DA3-97CE-41783F3D6CDD}.Debug|Any CPU.ActiveCfg = Debug|Any CPU
		{83580A6C-8693-4DA3-97CE-41783F3D6CDD}.Debug|Any CPU.Build.0 = Debug|Any CPU
		{83580A6C-8693-4DA3-97CE-41783F3D6CDD}.Debug|Any CPU.Deploy.0 = Debug|Any CPU
		{83580A6C-8693-4DA3-97CE-41783F3D6CDD}.Debug|ARM.ActiveCfg = Debug|Any CPU
		{83580A6C-8693-4DA3-97CE-41783F3D6CDD}.Debug|ARM.Build.0 = Debug|Any CPU
		{83580A6C-8693-4DA3-97CE-41783F3D6CDD}.Debug|ARM.Deploy.0 = Debug|Any CPU
		{83580A6C-8693-4DA3-97CE-41783F3D6CDD}.Debug|iPhone.ActiveCfg = Debug|Any CPU
		{83580A6C-8693-4DA3-97CE-41783F3D6CDD}.Debug|iPhone.Build.0 = Debug|Any CPU
		{83580A6C-8693-4DA3-97CE-41783F3D6CDD}.Debug|iPhone.Deploy.0 = Debug|Any CPU
		{83580A6C-8693-4DA3-97CE-41783F3D6CDD}.Debug|iPhoneSimulator.ActiveCfg = Debug|Any CPU
		{83580A6C-8693-4DA3-97CE-41783F3D6CDD}.Debug|iPhoneSimulator.Build.0 = Debug|Any CPU
		{83580A6C-8693-4DA3-97CE-41783F3D6CDD}.Debug|iPhoneSimulator.Deploy.0 = Debug|Any CPU
		{83580A6C-8693-4DA3-97CE-41783F3D6CDD}.Debug|x86.ActiveCfg = Debug|Any CPU
		{83580A6C-8693-4DA3-97CE-41783F3D6CDD}.Debug|x86.Build.0 = Debug|Any CPU
		{83580A6C-8693-4DA3-97CE-41783F3D6CDD}.Debug|x86.Deploy.0 = Debug|Any CPU
		{83580A6C-8693-4DA3-97CE-41783F3D6CDD}.Release|Any CPU.ActiveCfg = Release|Any CPU
		{83580A6C-8693-4DA3-97CE-41783F3D6CDD}.Release|Any CPU.Build.0 = Release|Any CPU
		{83580A6C-8693-4DA3-97CE-41783F3D6CDD}.Release|Any CPU.Deploy.0 = Release|Any CPU
		{83580A6C-8693-4DA3-97CE-41783F3D6CDD}.Release|ARM.ActiveCfg = Release|Any CPU
		{83580A6C-8693-4DA3-97CE-41783F3D6CDD}.Release|ARM.Build.0 = Release|Any CPU
		{83580A6C-8693-4DA3-97CE-41783F3D6CDD}.Release|ARM.Deploy.0 = Release|Any CPU
		{83580A6C-8693-4DA3-97CE-41783F3D6CDD}.Release|iPhone.ActiveCfg = Release|Any CPU
		{83580A6C-8693-4DA3-97CE-41783F3D6CDD}.Release|iPhone.Build.0 = Release|Any CPU
		{83580A6C-8693-4DA3-97CE-41783F3D6CDD}.Release|iPhone.Deploy.0 = Release|Any CPU
		{83580A6C-8693-4DA3-97CE-41783F3D6CDD}.Release|iPhoneSimulator.ActiveCfg = Release|Any CPU
		{83580A6C-8693-4DA3-97CE-41783F3D6CDD}.Release|iPhoneSimulator.Build.0 = Release|Any CPU
		{83580A6C-8693-4DA3-97CE-41783F3D6CDD}.Release|iPhoneSimulator.Deploy.0 = Release|Any CPU
		{83580A6C-8693-4DA3-97CE-41783F3D6CDD}.Release|x86.ActiveCfg = Release|Any CPU
		{83580A6C-8693-4DA3-97CE-41783F3D6CDD}.Release|x86.Build.0 = Release|Any CPU
		{83580A6C-8693-4DA3-97CE-41783F3D6CDD}.Release|x86.Deploy.0 = Release|Any CPU
		{D9B4DA19-5259-4BC2-8492-0002193634B5}.Ad-Hoc|Any CPU.ActiveCfg = Release|Any CPU
		{D9B4DA19-5259-4BC2-8492-0002193634B5}.Ad-Hoc|Any CPU.Build.0 = Release|Any CPU
		{D9B4DA19-5259-4BC2-8492-0002193634B5}.Ad-Hoc|Any CPU.Deploy.0 = Release|Any CPU
		{D9B4DA19-5259-4BC2-8492-0002193634B5}.Ad-Hoc|ARM.ActiveCfg = Release|ARM
		{D9B4DA19-5259-4BC2-8492-0002193634B5}.Ad-Hoc|ARM.Build.0 = Release|ARM
		{D9B4DA19-5259-4BC2-8492-0002193634B5}.Ad-Hoc|ARM.Deploy.0 = Release|ARM
		{D9B4DA19-5259-4BC2-8492-0002193634B5}.Ad-Hoc|iPhone.ActiveCfg = Release|Any CPU
		{D9B4DA19-5259-4BC2-8492-0002193634B5}.Ad-Hoc|iPhone.Build.0 = Release|Any CPU
		{D9B4DA19-5259-4BC2-8492-0002193634B5}.Ad-Hoc|iPhone.Deploy.0 = Release|Any CPU
		{D9B4DA19-5259-4BC2-8492-0002193634B5}.Ad-Hoc|iPhoneSimulator.ActiveCfg = Release|Any CPU
		{D9B4DA19-5259-4BC2-8492-0002193634B5}.Ad-Hoc|iPhoneSimulator.Build.0 = Release|Any CPU
		{D9B4DA19-5259-4BC2-8492-0002193634B5}.Ad-Hoc|iPhoneSimulator.Deploy.0 = Release|Any CPU
		{D9B4DA19-5259-4BC2-8492-0002193634B5}.Ad-Hoc|x86.ActiveCfg = Release|x86
		{D9B4DA19-5259-4BC2-8492-0002193634B5}.Ad-Hoc|x86.Build.0 = Release|x86
		{D9B4DA19-5259-4BC2-8492-0002193634B5}.Ad-Hoc|x86.Deploy.0 = Release|x86
		{D9B4DA19-5259-4BC2-8492-0002193634B5}.AppStore|Any CPU.ActiveCfg = Release|Any CPU
		{D9B4DA19-5259-4BC2-8492-0002193634B5}.AppStore|Any CPU.Build.0 = Release|Any CPU
		{D9B4DA19-5259-4BC2-8492-0002193634B5}.AppStore|Any CPU.Deploy.0 = Release|Any CPU
		{D9B4DA19-5259-4BC2-8492-0002193634B5}.AppStore|ARM.ActiveCfg = Release|ARM
		{D9B4DA19-5259-4BC2-8492-0002193634B5}.AppStore|ARM.Build.0 = Release|ARM
		{D9B4DA19-5259-4BC2-8492-0002193634B5}.AppStore|ARM.Deploy.0 = Release|ARM
		{D9B4DA19-5259-4BC2-8492-0002193634B5}.AppStore|iPhone.ActiveCfg = Release|Any CPU
		{D9B4DA19-5259-4BC2-8492-0002193634B5}.AppStore|iPhone.Build.0 = Release|Any CPU
		{D9B4DA19-5259-4BC2-8492-0002193634B5}.AppStore|iPhone.Deploy.0 = Release|Any CPU
		{D9B4DA19-5259-4BC2-8492-0002193634B5}.AppStore|iPhoneSimulator.ActiveCfg = Release|Any CPU
		{D9B4DA19-5259-4BC2-8492-0002193634B5}.AppStore|iPhoneSimulator.Build.0 = Release|Any CPU
		{D9B4DA19-5259-4BC2-8492-0002193634B5}.AppStore|iPhoneSimulator.Deploy.0 = Release|Any CPU
		{D9B4DA19-5259-4BC2-8492-0002193634B5}.AppStore|x86.ActiveCfg = Release|x86
		{D9B4DA19-5259-4BC2-8492-0002193634B5}.AppStore|x86.Build.0 = Release|x86
		{D9B4DA19-5259-4BC2-8492-0002193634B5}.AppStore|x86.Deploy.0 = Release|x86
		{D9B4DA19-5259-4BC2-8492-0002193634B5}.Debug|Any CPU.ActiveCfg = Debug|Any CPU
		{D9B4DA19-5259-4BC2-8492-0002193634B5}.Debug|Any CPU.Build.0 = Debug|Any CPU
		{D9B4DA19-5259-4BC2-8492-0002193634B5}.Debug|Any CPU.Deploy.0 = Debug|Any CPU
		{D9B4DA19-5259-4BC2-8492-0002193634B5}.Debug|ARM.ActiveCfg = Debug|ARM
		{D9B4DA19-5259-4BC2-8492-0002193634B5}.Debug|ARM.Build.0 = Debug|ARM
		{D9B4DA19-5259-4BC2-8492-0002193634B5}.Debug|ARM.Deploy.0 = Debug|ARM
		{D9B4DA19-5259-4BC2-8492-0002193634B5}.Debug|iPhone.ActiveCfg = Debug|Any CPU
		{D9B4DA19-5259-4BC2-8492-0002193634B5}.Debug|iPhone.Build.0 = Debug|Any CPU
		{D9B4DA19-5259-4BC2-8492-0002193634B5}.Debug|iPhone.Deploy.0 = Debug|Any CPU
		{D9B4DA19-5259-4BC2-8492-0002193634B5}.Debug|iPhoneSimulator.ActiveCfg = Debug|Any CPU
		{D9B4DA19-5259-4BC2-8492-0002193634B5}.Debug|iPhoneSimulator.Build.0 = Debug|Any CPU
		{D9B4DA19-5259-4BC2-8492-0002193634B5}.Debug|iPhoneSimulator.Deploy.0 = Debug|Any CPU
		{D9B4DA19-5259-4BC2-8492-0002193634B5}.Debug|x86.ActiveCfg = Debug|x86
		{D9B4DA19-5259-4BC2-8492-0002193634B5}.Debug|x86.Build.0 = Debug|x86
		{D9B4DA19-5259-4BC2-8492-0002193634B5}.Debug|x86.Deploy.0 = Debug|x86
		{D9B4DA19-5259-4BC2-8492-0002193634B5}.Release|Any CPU.ActiveCfg = Release|Any CPU
		{D9B4DA19-5259-4BC2-8492-0002193634B5}.Release|Any CPU.Build.0 = Release|Any CPU
		{D9B4DA19-5259-4BC2-8492-0002193634B5}.Release|Any CPU.Deploy.0 = Release|Any CPU
		{D9B4DA19-5259-4BC2-8492-0002193634B5}.Release|ARM.ActiveCfg = Release|ARM
		{D9B4DA19-5259-4BC2-8492-0002193634B5}.Release|ARM.Build.0 = Release|ARM
		{D9B4DA19-5259-4BC2-8492-0002193634B5}.Release|ARM.Deploy.0 = Release|ARM
		{D9B4DA19-5259-4BC2-8492-0002193634B5}.Release|iPhone.ActiveCfg = Release|Any CPU
		{D9B4DA19-5259-4BC2-8492-0002193634B5}.Release|iPhone.Build.0 = Release|Any CPU
		{D9B4DA19-5259-4BC2-8492-0002193634B5}.Release|iPhone.Deploy.0 = Release|Any CPU
		{D9B4DA19-5259-4BC2-8492-0002193634B5}.Release|iPhoneSimulator.ActiveCfg = Release|Any CPU
		{D9B4DA19-5259-4BC2-8492-0002193634B5}.Release|iPhoneSimulator.Build.0 = Release|Any CPU
		{D9B4DA19-5259-4BC2-8492-0002193634B5}.Release|iPhoneSimulator.Deploy.0 = Release|Any CPU
		{D9B4DA19-5259-4BC2-8492-0002193634B5}.Release|x86.ActiveCfg = Release|x86
		{D9B4DA19-5259-4BC2-8492-0002193634B5}.Release|x86.Build.0 = Release|x86
		{D9B4DA19-5259-4BC2-8492-0002193634B5}.Release|x86.Deploy.0 = Release|x86
	EndGlobalSection
	GlobalSection(SolutionProperties) = preSolution
		HideSolutionNode = FALSE
	EndGlobalSection
EndGlobal
